{
  "name": "@nikonov-alex/object-builder",
  "version": "0.0.21",
  "lockfileVersion": 3,
  "requires": true,
  "packages": {
    "": {
      "name": "@nikonov-alex/object-builder",
      "version": "0.0.21",
      "license": "MIT",
      "dependencies": {
        "@nikonov-alex/functional-library": "^0.0.29"
      }
    },
    "node_modules/@nikonov-alex/functional-library": {
      "version": "0.0.29",
      "resolved": "https://registry.npmjs.org/@nikonov-alex/functional-library/-/functional-library-0.0.29.tgz",
      "integrity": "sha512-06HsTeK1ZoYok/ZcvnkG5SAZr90Ha3LcDANVGOCGpH8CYcph9bkgAHOszOu8sH0sDcHny4ADNZNNMPebL9/FnQ=="
    }
  }
}
