{
  "name": "@nikonov-alex/object-builder",
  "version": "0.0.12",
  "lockfileVersion": 3,
  "requires": true,
  "packages": {
    "": {
      "name": "@nikonov-alex/object-builder",
      "version": "0.0.12",
      "license": "MIT",
      "dependencies": {
        "@nikonov-alex/functional-library": "^0.0.26"
      }
    },
    "node_modules/@nikonov-alex/functional-library": {
      "version": "0.0.26",
      "resolved": "https://registry.npmjs.org/@nikonov-alex/functional-library/-/functional-library-0.0.26.tgz",
      "integrity": "sha512-DjesLbDH3D6wpdiUB+dORycATd41ELTFPhewM96rfcBMnNbslk6ZVH4uEYecMFNNSdSCmolf0owua6b3pSRw8A=="
    }
  }
}
