{
  "name": "object-builder",
  "lockfileVersion": 3,
  "requires": true,
  "packages": {
    "": {
      "dependencies": {
        "@nikonov-alex/functional-library": "^0.0.25"
      }
    },
    "node_modules/@nikonov-alex/functional-library": {
      "version": "0.0.25",
      "resolved": "https://registry.npmjs.org/@nikonov-alex/functional-library/-/functional-library-0.0.25.tgz",
      "integrity": "sha512-NololCuD8tHNXTuxUhAh5xYWmuHmkHzUi1+Uc7vJP8n114402olU/+/wp0ETi/F4UZ24v2yW7OV5Jnj9NRNymQ=="
    }
  }
}
